
Microsoft Visual Studio Solution File, Format Version 12.00
# Visual Studio Version 16
VisualStudioVersion = 16.0.30104.148
MinimumVisualStudioVersion = 10.0.40219.1
Project("{FAE04EC0-301F-11D3-BF4B-00C04F79EFBC}") = "lab_3", "lab_3\lab_3.csproj", "{86BA1282-F500-4A38-925D-788600817E0C}"
EndProject
Global
	GlobalSection(SolutionConfigurationPlatforms) = preSolution
		Debug|Any CPU = Debug|Any CPU
		Release|Any CPU = Release|Any CPU
	EndGlobalSection
	GlobalSection(ProjectConfigurationPlatforms) = postSolution
		{86BA1282-F500-4A38-925D-788600817E0C}.Debug|Any CPU.ActiveCfg = Debug|Any CPU
		{86BA1282-F500-4A38-925D-788600817E0C}.Debug|Any CPU.Build.0 = Debug|Any CPU
		{86BA1282-F500-4A38-925D-788600817E0C}.Release|Any CPU.ActiveCfg = Release|Any CPU
		{86BA1282-F500-4A38-925D-788600817E0C}.Release|Any CPU.Build.0 = Release|Any CPU
	EndGlobalSection
	GlobalSection(SolutionProperties) = preSolution
		HideSolutionNode = FALSE
	EndGlobalSection
	GlobalSection(ExtensibilityGlobals) = postSolution
		SolutionGuid = {BC374AAD-A51B-4BF2-86AB-CD2EAD0EC8A4}
	EndGlobalSection
EndGlobal
